
Microsoft Visual Studio Solution File, Format Version 12.00
# Visual Studio Version 16
VisualStudioVersion = 16.0.29009.5
MinimumVisualStudioVersion = 10.0.40219.1
Project("{FAE04EC0-301F-11D3-BF4B-00C04F79EFBC}") = "Conan.VisualStudio", "Conan.VisualStudio\Conan.VisualStudio.csproj", "{6FBEBC9C-6E86-4588-BCDA-83AC909C7EAC}"
EndProject
Project("{FAE04EC0-301F-11D3-BF4B-00C04F79EFBC}") = "Conan.VisualStudio.Tests", "Conan.VisualStudio.Tests\Conan.VisualStudio.Tests.csproj", "{95165D2F-2143-4055-A215-90352061DCB2}"
EndProject
Project("{2150E333-8FDC-42A3-9474-1A3956D46DE8}") = "Solution Items", "Solution Items", "{C2673F7F-154E-4502-AE99-90AA8E7F4718}"
	ProjectSection(SolutionItems) = preProject
		README.md = README.md
	EndProjectSection
EndProject
Project("{FAE04EC0-301F-11D3-BF4B-00C04F79EFBC}") = "Conan.VisualStudio.Core", "Conan.VisualStudio.Core\Conan.VisualStudio.Core.csproj", "{704BDDFB-CB01-4F8B-B2A0-60BCFA97F0C2}"
EndProject
Global
	GlobalSection(SolutionConfigurationPlatforms) = preSolution
		Debug|Any CPU = Debug|Any CPU
		Release|Any CPU = Release|Any CPU
	EndGlobalSection
	GlobalSection(ProjectConfigurationPlatforms) = postSolution
		{6FBEBC9C-6E86-4588-BCDA-83AC909C7EAC}.Debug|Any CPU.ActiveCfg = Debug|Any CPU
		{6FBEBC9C-6E86-4588-BCDA-83AC909C7EAC}.Debug|Any CPU.Build.0 = Debug|Any CPU
		{6FBEBC9C-6E86-4588-BCDA-83AC909C7EAC}.Release|Any CPU.ActiveCfg = Release|Any CPU
		{6FBEBC9C-6E86-4588-BCDA-83AC909C7EAC}.Release|Any CPU.Build.0 = Release|Any CPU
		{95165D2F-2143-4055-A215-90352061DCB2}.Debug|Any CPU.ActiveCfg = Debug|Any CPU
		{95165D2F-2143-4055-A215-90352061DCB2}.Debug|Any CPU.Build.0 = Debug|Any CPU
		{95165D2F-2143-4055-A215-90352061DCB2}.Release|Any CPU.ActiveCfg = Release|Any CPU
		{95165D2F-2143-4055-A215-90352061DCB2}.Release|Any CPU.Build.0 = Release|Any CPU
		{704BDDFB-CB01-4F8B-B2A0-60BCFA97F0C2}.Debug|Any CPU.ActiveCfg = Debug|Any CPU
		{704BDDFB-CB01-4F8B-B2A0-60BCFA97F0C2}.Debug|Any CPU.Build.0 = Debug|Any CPU
		{704BDDFB-CB01-4F8B-B2A0-60BCFA97F0C2}.Release|Any CPU.ActiveCfg = Release|Any CPU
		{704BDDFB-CB01-4F8B-B2A0-60BCFA97F0C2}.Release|Any CPU.Build.0 = Release|Any CPU
	EndGlobalSection
	GlobalSection(SolutionProperties) = preSolution
		HideSolutionNode = FALSE
	EndGlobalSection
	GlobalSection(ExtensibilityGlobals) = postSolution
		SolutionGuid = {25CC9190-C6C2-4E6A-A504-D754FF703C32}
	EndGlobalSection
EndGlobal
