
Microsoft Visual Studio Solution File, Format Version 12.00
# Visual Studio Version 16
VisualStudioVersion = 16.0.29009.5
MinimumVisualStudioVersion = 10.0.40219.1
Project("{8BC9CEB8-8B4A-11D0-8D11-00A0C91BC942}") = "ConanConfigExample", "ConanConfigExample\ConanConfigExample.vcxproj", "{D7500D23-BA43-49FD-B62D-7264AE5B018D}"
EndProject
Global
	GlobalSection(SolutionConfigurationPlatforms) = preSolution
		Debug|x64 = Debug|x64
		Debug|x86 = Debug|x86
		Release|x64 = Release|x64
		Release|x86 = Release|x86
	EndGlobalSection
	GlobalSection(ProjectConfigurationPlatforms) = postSolution
		{D7500D23-BA43-49FD-B62D-7264AE5B018D}.Debug|x64.ActiveCfg = Debug|x64
		{D7500D23-BA43-49FD-B62D-7264AE5B018D}.Debug|x64.Build.0 = Debug|x64
		{D7500D23-BA43-49FD-B62D-7264AE5B018D}.Debug|x86.ActiveCfg = Debug|Win32
		{D7500D23-BA43-49FD-B62D-7264AE5B018D}.Debug|x86.Build.0 = Debug|Win32
		{D7500D23-BA43-49FD-B62D-7264AE5B018D}.Release|x64.ActiveCfg = Release|x64
		{D7500D23-BA43-49FD-B62D-7264AE5B018D}.Release|x64.Build.0 = Release|x64
		{D7500D23-BA43-49FD-B62D-7264AE5B018D}.Release|x86.ActiveCfg = Release|Win32
		{D7500D23-BA43-49FD-B62D-7264AE5B018D}.Release|x86.Build.0 = Release|Win32
	EndGlobalSection
	GlobalSection(SolutionProperties) = preSolution
		HideSolutionNode = FALSE
	EndGlobalSection
	GlobalSection(ExtensibilityGlobals) = postSolution
		SolutionGuid = {525DB941-697F-4CCC-B327-0AA5FC7119D7}
	EndGlobalSection
EndGlobal
